
Microsoft Visual Studio Solution File, Format Version 12.00
# Visual Studio Version 17
VisualStudioVersion = 17.0.32112.339
MinimumVisualStudioVersion = 10.0.40219.1
Project("{9A19103F-16F7-4668-BE54-9A1E7A4F7556}") = "Successful.Domain", "src\domain\Successful.Domain\Successful.Domain.csproj", "{6D99F5F3-D377-4D8B-9625-9997F68D8470}"
EndProject
Project("{9A19103F-16F7-4668-BE54-9A1E7A4F7556}") = "Successful.Application", "src\application\Successful.Application\Successful.Application.csproj", "{B051D800-4282-4D66-8319-A79E62333B9A}"
EndProject
Project("{9A19103F-16F7-4668-BE54-9A1E7A4F7556}") = "Successful.Infrastructure", "src\infrastructure\Successful.Infrastructure\Successful.Infrastructure.csproj", "{286B068F-E094-44DD-9C81-35439CDEE67E}"
EndProject
Project("{9A19103F-16F7-4668-BE54-9A1E7A4F7556}") = "Successful.Presentation.WebApi", "src\presentation\Successful.Presentation.WebApi\Successful.Presentation.WebApi.csproj", "{9D947A60-CA35-40C8-A0E3-7DC975539721}"
EndProject
Project("{9A19103F-16F7-4668-BE54-9A1E7A4F7556}") = "Successful.Infrastructure.Persistence", "src\infrastructure\Successful.Infrastructure.Persistence\Successful.Infrastructure.Persistence.csproj", "{03DC254A-826E-4BE2-8453-4E3DFFB692B1}"
EndProject
Project("{2150E333-8FDC-42A3-9474-1A3956D46DE8}") = "src", "src", "{E284FB12-A30B-4341-9376-8D312AD04F6B}"
EndProject
Project("{2150E333-8FDC-42A3-9474-1A3956D46DE8}") = "application", "application", "{6E0E8A2E-9C94-4683-B54E-F3A0A93E52CB}"
EndProject
Project("{2150E333-8FDC-42A3-9474-1A3956D46DE8}") = "domain", "domain", "{4466519B-2E70-4238-8AA9-A697E705DD45}"
EndProject
Project("{2150E333-8FDC-42A3-9474-1A3956D46DE8}") = "presentation", "presentation", "{EFCC592E-923C-4E3E-AFCB-7E3870BB5C01}"
EndProject
Project("{2150E333-8FDC-42A3-9474-1A3956D46DE8}") = "infrastructure", "infrastructure", "{62C427B5-FA18-4F56-9E9D-7892791E6633}"
EndProject
Project("{2150E333-8FDC-42A3-9474-1A3956D46DE8}") = "tests", "tests", "{B3519ED8-FF93-4CAD-A4D3-DDDB5C259985}"
EndProject
Project("{2150E333-8FDC-42A3-9474-1A3956D46DE8}") = "application", "application", "{E1C9342C-F604-45F7-A1B7-93FBC613CBA3}"
EndProject
Project("{2150E333-8FDC-42A3-9474-1A3956D46DE8}") = "domain", "domain", "{2BF14579-3FF1-49B8-91A8-805BC305BADA}"
EndProject
Project("{2150E333-8FDC-42A3-9474-1A3956D46DE8}") = "presentation", "presentation", "{16FCE8DD-D9C9-4559-9A9C-DA967A557DB9}"
EndProject
Project("{2150E333-8FDC-42A3-9474-1A3956D46DE8}") = "infrastructure", "infrastructure", "{A11F94E9-1D31-4CBF-B251-E1020253DBBD}"
EndProject
Project("{9A19103F-16F7-4668-BE54-9A1E7A4F7556}") = "Successful.Application.UnitTests", "tests\application\Successful.Application.UnitTests\Successful.Application.UnitTests.csproj", "{B82A27DF-815A-4200-A0F6-25A774335F95}"
EndProject
Project("{9A19103F-16F7-4668-BE54-9A1E7A4F7556}") = "Successful.Domain.UnitTests", "tests\domain\Successful.Domain.UnitTests\Successful.Domain.UnitTests.csproj", "{1AA7CEF2-C198-42FB-9AE9-112BC6F4F6C1}"
EndProject
Project("{9A19103F-16F7-4668-BE54-9A1E7A4F7556}") = "Successful.Infrastructure.UnitTests", "tests\infrastructure\Successful.Infrastructure.UnitTests\Successful.Infrastructure.UnitTests.csproj", "{2B38E4C7-9B02-47E6-8D0D-7FD9E881CB61}"
EndProject
Project("{9A19103F-16F7-4668-BE54-9A1E7A4F7556}") = "Successful.Infrastructure.Persistence", "tests\infrastructure\Successful.Infrastructure.Persistence\Successful.Infrastructure.Persistence.csproj", "{D2D9EE6B-E14E-42C3-9B9A-C3A5AA591E53}"
EndProject
Project("{9A19103F-16F7-4668-BE54-9A1E7A4F7556}") = "Successful.Presentation.WebApi.UnitTests", "tests\presentation\Successful.Presentation.WebApi.UnitTests\Successful.Presentation.WebApi.UnitTests.csproj", "{C9C9B8BF-DADA-49FF-B940-3E8789092E23}"
EndProject
Project("{2150E333-8FDC-42A3-9474-1A3956D46DE8}") = "solution-items", "solution-items", "{C3178F6D-0AD3-4874-AA93-90B16D7868C9}"
	ProjectSection(SolutionItems) = preProject
		.gitignore = .gitignore
		global.json = global.json
		README.md = README.md
	EndProjectSection
EndProject
Global
	GlobalSection(SolutionConfigurationPlatforms) = preSolution
		Debug|Any CPU = Debug|Any CPU
		Release|Any CPU = Release|Any CPU
	EndGlobalSection
	GlobalSection(ProjectConfigurationPlatforms) = postSolution
		{6D99F5F3-D377-4D8B-9625-9997F68D8470}.Debug|Any CPU.ActiveCfg = Debug|Any CPU
		{6D99F5F3-D377-4D8B-9625-9997F68D8470}.Debug|Any CPU.Build.0 = Debug|Any CPU
		{6D99F5F3-D377-4D8B-9625-9997F68D8470}.Release|Any CPU.ActiveCfg = Release|Any CPU
		{6D99F5F3-D377-4D8B-9625-9997F68D8470}.Release|Any CPU.Build.0 = Release|Any CPU
		{B051D800-4282-4D66-8319-A79E62333B9A}.Debug|Any CPU.ActiveCfg = Debug|Any CPU
		{B051D800-4282-4D66-8319-A79E62333B9A}.Debug|Any CPU.Build.0 = Debug|Any CPU
		{B051D800-4282-4D66-8319-A79E62333B9A}.Release|Any CPU.ActiveCfg = Release|Any CPU
		{B051D800-4282-4D66-8319-A79E62333B9A}.Release|Any CPU.Build.0 = Release|Any CPU
		{286B068F-E094-44DD-9C81-35439CDEE67E}.Debug|Any CPU.ActiveCfg = Debug|Any CPU
		{286B068F-E094-44DD-9C81-35439CDEE67E}.Debug|Any CPU.Build.0 = Debug|Any CPU
		{286B068F-E094-44DD-9C81-35439CDEE67E}.Release|Any CPU.ActiveCfg = Release|Any CPU
		{286B068F-E094-44DD-9C81-35439CDEE67E}.Release|Any CPU.Build.0 = Release|Any CPU
		{9D947A60-CA35-40C8-A0E3-7DC975539721}.Debug|Any CPU.ActiveCfg = Debug|Any CPU
		{9D947A60-CA35-40C8-A0E3-7DC975539721}.Debug|Any CPU.Build.0 = Debug|Any CPU
		{9D947A60-CA35-40C8-A0E3-7DC975539721}.Release|Any CPU.ActiveCfg = Release|Any CPU
		{9D947A60-CA35-40C8-A0E3-7DC975539721}.Release|Any CPU.Build.0 = Release|Any CPU
		{03DC254A-826E-4BE2-8453-4E3DFFB692B1}.Debug|Any CPU.ActiveCfg = Debug|Any CPU
		{03DC254A-826E-4BE2-8453-4E3DFFB692B1}.Debug|Any CPU.Build.0 = Debug|Any CPU
		{03DC254A-826E-4BE2-8453-4E3DFFB692B1}.Release|Any CPU.ActiveCfg = Release|Any CPU
		{03DC254A-826E-4BE2-8453-4E3DFFB692B1}.Release|Any CPU.Build.0 = Release|Any CPU
		{B82A27DF-815A-4200-A0F6-25A774335F95}.Debug|Any CPU.ActiveCfg = Debug|Any CPU
		{B82A27DF-815A-4200-A0F6-25A774335F95}.Debug|Any CPU.Build.0 = Debug|Any CPU
		{B82A27DF-815A-4200-A0F6-25A774335F95}.Release|Any CPU.ActiveCfg = Release|Any CPU
		{B82A27DF-815A-4200-A0F6-25A774335F95}.Release|Any CPU.Build.0 = Release|Any CPU
		{1AA7CEF2-C198-42FB-9AE9-112BC6F4F6C1}.Debug|Any CPU.ActiveCfg = Debug|Any CPU
		{1AA7CEF2-C198-42FB-9AE9-112BC6F4F6C1}.Debug|Any CPU.Build.0 = Debug|Any CPU
		{1AA7CEF2-C198-42FB-9AE9-112BC6F4F6C1}.Release|Any CPU.ActiveCfg = Release|Any CPU
		{1AA7CEF2-C198-42FB-9AE9-112BC6F4F6C1}.Release|Any CPU.Build.0 = Release|Any CPU
		{2B38E4C7-9B02-47E6-8D0D-7FD9E881CB61}.Debug|Any CPU.ActiveCfg = Debug|Any CPU
		{2B38E4C7-9B02-47E6-8D0D-7FD9E881CB61}.Debug|Any CPU.Build.0 = Debug|Any CPU
		{2B38E4C7-9B02-47E6-8D0D-7FD9E881CB61}.Release|Any CPU.ActiveCfg = Release|Any CPU
		{2B38E4C7-9B02-47E6-8D0D-7FD9E881CB61}.Release|Any CPU.Build.0 = Release|Any CPU
		{D2D9EE6B-E14E-42C3-9B9A-C3A5AA591E53}.Debug|Any CPU.ActiveCfg = Debug|Any CPU
		{D2D9EE6B-E14E-42C3-9B9A-C3A5AA591E53}.Debug|Any CPU.Build.0 = Debug|Any CPU
		{D2D9EE6B-E14E-42C3-9B9A-C3A5AA591E53}.Release|Any CPU.ActiveCfg = Release|Any CPU
		{D2D9EE6B-E14E-42C3-9B9A-C3A5AA591E53}.Release|Any CPU.Build.0 = Release|Any CPU
		{C9C9B8BF-DADA-49FF-B940-3E8789092E23}.Debug|Any CPU.ActiveCfg = Debug|Any CPU
		{C9C9B8BF-DADA-49FF-B940-3E8789092E23}.Debug|Any CPU.Build.0 = Debug|Any CPU
		{C9C9B8BF-DADA-49FF-B940-3E8789092E23}.Release|Any CPU.ActiveCfg = Release|Any CPU
		{C9C9B8BF-DADA-49FF-B940-3E8789092E23}.Release|Any CPU.Build.0 = Release|Any CPU
	EndGlobalSection
	GlobalSection(SolutionProperties) = preSolution
		HideSolutionNode = FALSE
	EndGlobalSection
	GlobalSection(NestedProjects) = preSolution
		{6D99F5F3-D377-4D8B-9625-9997F68D8470} = {4466519B-2E70-4238-8AA9-A697E705DD45}
		{B051D800-4282-4D66-8319-A79E62333B9A} = {6E0E8A2E-9C94-4683-B54E-F3A0A93E52CB}
		{286B068F-E094-44DD-9C81-35439CDEE67E} = {62C427B5-FA18-4F56-9E9D-7892791E6633}
		{9D947A60-CA35-40C8-A0E3-7DC975539721} = {EFCC592E-923C-4E3E-AFCB-7E3870BB5C01}
		{03DC254A-826E-4BE2-8453-4E3DFFB692B1} = {62C427B5-FA18-4F56-9E9D-7892791E6633}
		{6E0E8A2E-9C94-4683-B54E-F3A0A93E52CB} = {E284FB12-A30B-4341-9376-8D312AD04F6B}
		{4466519B-2E70-4238-8AA9-A697E705DD45} = {E284FB12-A30B-4341-9376-8D312AD04F6B}
		{EFCC592E-923C-4E3E-AFCB-7E3870BB5C01} = {E284FB12-A30B-4341-9376-8D312AD04F6B}
		{62C427B5-FA18-4F56-9E9D-7892791E6633} = {E284FB12-A30B-4341-9376-8D312AD04F6B}
		{E1C9342C-F604-45F7-A1B7-93FBC613CBA3} = {B3519ED8-FF93-4CAD-A4D3-DDDB5C259985}
		{2BF14579-3FF1-49B8-91A8-805BC305BADA} = {B3519ED8-FF93-4CAD-A4D3-DDDB5C259985}
		{16FCE8DD-D9C9-4559-9A9C-DA967A557DB9} = {B3519ED8-FF93-4CAD-A4D3-DDDB5C259985}
		{A11F94E9-1D31-4CBF-B251-E1020253DBBD} = {B3519ED8-FF93-4CAD-A4D3-DDDB5C259985}
		{B82A27DF-815A-4200-A0F6-25A774335F95} = {E1C9342C-F604-45F7-A1B7-93FBC613CBA3}
		{1AA7CEF2-C198-42FB-9AE9-112BC6F4F6C1} = {2BF14579-3FF1-49B8-91A8-805BC305BADA}
		{2B38E4C7-9B02-47E6-8D0D-7FD9E881CB61} = {A11F94E9-1D31-4CBF-B251-E1020253DBBD}
		{D2D9EE6B-E14E-42C3-9B9A-C3A5AA591E53} = {A11F94E9-1D31-4CBF-B251-E1020253DBBD}
		{C9C9B8BF-DADA-49FF-B940-3E8789092E23} = {16FCE8DD-D9C9-4559-9A9C-DA967A557DB9}
	EndGlobalSection
	GlobalSection(ExtensibilityGlobals) = postSolution
		SolutionGuid = {302419BA-7905-474D-8477-710958951A55}
	EndGlobalSection
EndGlobal
